
Microsoft Visual Studio Solution File, Format Version 12.00
# Visual Studio Version 17
VisualStudioVersion = 17.11.35327.3
MinimumVisualStudioVersion = 10.0.40219.1
Project("{C9674DCB-5085-4A16-B785-4C70DD1589BD}") = "Projet_AdventureWorks2019_CC_2425", "Projet_AdventureWorks2019_CC_2425\Projet_AdventureWorks2019_CC_2425.dtproj", "{5194AD00-7BCC-4B25-9139-008316534976}"
EndProject
Global
	GlobalSection(SolutionConfigurationPlatforms) = preSolution
		Development|Default = Development|Default
	EndGlobalSection
	GlobalSection(ProjectConfigurationPlatforms) = postSolution
		{5194AD00-7BCC-4B25-9139-008316534976}.Development|Default.ActiveCfg = Development
		{5194AD00-7BCC-4B25-9139-008316534976}.Development|Default.Build.0 = Development
	EndGlobalSection
	GlobalSection(SolutionProperties) = preSolution
		HideSolutionNode = FALSE
	EndGlobalSection
	GlobalSection(ExtensibilityGlobals) = postSolution
		SolutionGuid = {21188776-D39A-43CB-B811-D52F7CB54610}
	EndGlobalSection
EndGlobal
